PODS:
  - Alamofire (4.6.0)
  - Mapbox-iOS-SDK (3.7.3)
  - Realm (3.1.0):
    - Realm/Headers (= 3.1.0)
  - Realm/Headers (3.1.0)
  - RealmSwift (3.1.0):
    - Realm (= 3.1.0)
  - Unbox (2.5.0)

DEPENDENCIES:
  - Alamofire
  - Mapbox-iOS-SDK
  - RealmSwift
  - Unbox

SPEC CHECKSUMS:
  Alamofire: f41a599bd63041760b26d393ec1069d9d7b917f4
  Mapbox-iOS-SDK: 5304bd9605babe6da9050ea4cb23c1671420b737
  Realm: 09513d7c054678d65cd02ce09871f805b0d758ac
  RealmSwift: e868fee9b10e5490ad94b6b6ecd9027944da1824
  Unbox: 30e437e6151a6de16139375fd4e8dd9a664cfbf7

PODFILE CHECKSUM: bbaedda0ceb856e238612dd8cf90423d671360bd

COCOAPODS: 1.4.0
