// !$*UTF8*$!
{
	archiveVersion = 1;
	classes = {
	};
	objectVersion = 50;
	objects = {

/* Begin PBXBuildFile section */
		900D141420DAA6F800469ACD /* MapVC.swift in Sources */ = {isa = PBXBuildFile; fileRef = 900D141320DAA6F800469ACD /* MapVC.swift */; };
		900D141820DAAF9000469ACD /* MapVM.swift in Sources */ = {isa = PBXBuildFile; fileRef = 900D141720DAAF9000469ACD /* MapVM.swift */; };
		900D141C20DAC73300469ACD /* WeatherMapType.swift in Sources */ = {isa = PBXBuildFile; fileRef = 900D141B20DAC73300469ACD /* WeatherMapType.swift */; };
		9041F7ED20D8F3B200D9A813 /* AppDelegate.swift in Sources */ = {isa = PBXBuildFile; fileRef = 9041F7EC20D8F3B200D9A813 /* AppDelegate.swift */; };
		9041F7EF20D8F3B200D9A813 /* WeatherVC.swift in Sources */ = {isa = PBXBuildFile; fileRef = 9041F7EE20D8F3B200D9A813 /* WeatherVC.swift */; };
		9041F7F220D8F3B200D9A813 /* Main.storyboard in Resources */ = {isa = PBXBuildFile; fileRef = 9041F7F020D8F3B200D9A813 /* Main.storyboard */; };
		9041F7F420D8F3B800D9A813 /* Assets.xcassets in Resources */ = {isa = PBXBuildFile; fileRef = 9041F7F320D8F3B800D9A813 /* Assets.xcassets */; };
		9041F7F720D8F3B800D9A813 /* LaunchScreen.storyboard in Resources */ = {isa = PBXBuildFile; fileRef = 9041F7F520D8F3B800D9A813 /* LaunchScreen.storyboard */; };
		904DD7F120D947160005569D /* WeatherWebService.swift in Sources */ = {isa = PBXBuildFile; fileRef = 904DD7F020D947160005569D /* WeatherWebService.swift */; };
		904DD7F320D94FC80005569D /* WeatherData.swift in Sources */ = {isa = PBXBuildFile; fileRef = 904DD7F220D94FC80005569D /* WeatherData.swift */; };
		904DD7F520D956010005569D /* Database.swift in Sources */ = {isa = PBXBuildFile; fileRef = 904DD7F420D956010005569D /* Database.swift */; };
		904DD7FB20D961460005569D /* WeatherDataProvider.swift in Sources */ = {isa = PBXBuildFile; fileRef = 904DD7FA20D961460005569D /* WeatherDataProvider.swift */; };
		904DD80420D97EBC0005569D /* UIView+Gradient.swift in Sources */ = {isa = PBXBuildFile; fileRef = 904DD80320D97EBC0005569D /* UIView+Gradient.swift */; };
		904DD80A20D98E720005569D /* GradientView.swift in Sources */ = {isa = PBXBuildFile; fileRef = 904DD80920D98E720005569D /* GradientView.swift */; };
		904DD80C20D9949B0005569D /* WeatherVM.swift in Sources */ = {isa = PBXBuildFile; fileRef = 904DD80B20D9949B0005569D /* WeatherVM.swift */; };
		904DD81020D9B4EC0005569D /* CollectionViewCell.swift in Sources */ = {isa = PBXBuildFile; fileRef = 904DD80F20D9B4EC0005569D /* CollectionViewCell.swift */; };
		904DD81220DA7A2A0005569D /* WeatherDataFormatter.swift in Sources */ = {isa = PBXBuildFile; fileRef = 904DD81120DA7A2A0005569D /* WeatherDataFormatter.swift */; };
		904DD81420DA8B800005569D /* WeatherIcon.swift in Sources */ = {isa = PBXBuildFile; fileRef = 904DD81320DA8B7F0005569D /* WeatherIcon.swift */; };
		904DD81620DA8CB10005569D /* WeatherIconProvider.swift in Sources */ = {isa = PBXBuildFile; fileRef = 904DD81520DA8CB10005569D /* WeatherIconProvider.swift */; };
		9067CCD820D906AC00F91566 /* LocationManager.swift in Sources */ = {isa = PBXBuildFile; fileRef = 9067CCD720D906AC00F91566 /* LocationManager.swift */; };
		E4E20E97AB61A45849121EC5 /* Pods_WeatherApp.framework in Frameworks */ = {isa = PBXBuildFile; fileRef = 9510AF96B541B5124A98952E /* Pods_WeatherApp.framework */; };
/* End PBXBuildFile section */

/* Begin PBXFileReference section */
		900D141320DAA6F800469ACD /* MapVC.swift */ = {isa = PBXFileReference; lastKnownFileType = sourcecode.swift; path = MapVC.swift; sourceTree = "<group>"; };
		900D141720DAAF9000469ACD /* MapVM.swift */ = {isa = PBXFileReference; lastKnownFileType = sourcecode.swift; path = MapVM.swift; sourceTree = "<group>"; };
		900D141B20DAC73300469ACD /* WeatherMapType.swift */ = {isa = PBXFileReference; lastKnownFileType = sourcecode.swift; path = WeatherMapType.swift; sourceTree = "<group>"; };
		9041F7E920D8F3B200D9A813 /* WeatherApp.app */ = {isa = PBXFileReference; explicitFileType = wrapper.application; includeInIndex = 0; path = WeatherApp.app; sourceTree = BUILT_PRODUCTS_DIR; };
		9041F7EC20D8F3B200D9A813 /* AppDelegate.swift */ = {isa = PBXFileReference; lastKnownFileType = sourcecode.swift; path = AppDelegate.swift; sourceTree = "<group>"; };
		9041F7EE20D8F3B200D9A813 /* WeatherVC.swift */ = {isa = PBXFileReference; lastKnownFileType = sourcecode.swift; path = WeatherVC.swift; sourceTree = "<group>"; };
		9041F7F120D8F3B200D9A813 /* Base */ = {isa = PBXFileReference; lastKnownFileType = file.storyboard; name = Base; path = Base.lproj/Main.storyboard; sourceTree = "<group>"; };
		9041F7F320D8F3B800D9A813 /* Assets.xcassets */ = {isa = PBXFileReference; lastKnownFileType = folder.assetcatalog; path = Assets.xcassets; sourceTree = "<group>"; };
		9041F7F620D8F3B800D9A813 /* Base */ = {isa = PBXFileReference; lastKnownFileType = file.storyboard; name = Base; path = Base.lproj/LaunchScreen.storyboard; sourceTree = "<group>"; };
		9041F7F820D8F3B800D9A813 /* Info.plist */ = {isa = PBXFileReference; lastKnownFileType = text.plist.xml; path = Info.plist; sourceTree = "<group>"; };
		904DD7F020D947160005569D /* WeatherWebService.swift */ = {isa = PBXFileReference; lastKnownFileType = sourcecode.swift; path = WeatherWebService.swift; sourceTree = "<group>"; };
		904DD7F220D94FC80005569D /* WeatherData.swift */ = {isa = PBXFileReference; lastKnownFileType = sourcecode.swift; path = WeatherData.swift; sourceTree = "<group>"; };
		904DD7F420D956010005569D /* Database.swift */ = {isa = PBXFileReference; lastKnownFileType = sourcecode.swift; path = Database.swift; sourceTree = "<group>"; };
		904DD7FA20D961460005569D /* WeatherDataProvider.swift */ = {isa = PBXFileReference; lastKnownFileType = sourcecode.swift; path = WeatherDataProvider.swift; sourceTree = "<group>"; };
		904DD80320D97EBC0005569D /* UIView+Gradient.swift */ = {isa = PBXFileReference; lastKnownFileType = sourcecode.swift; path = "UIView+Gradient.swift"; sourceTree = "<group>"; };
		904DD80920D98E720005569D /* GradientView.swift */ = {isa = PBXFileReference; lastKnownFileType = sourcecode.swift; path = GradientView.swift; sourceTree = "<group>"; };
		904DD80B20D9949B0005569D /* WeatherVM.swift */ = {isa = PBXFileReference; lastKnownFileType = sourcecode.swift; path = WeatherVM.swift; sourceTree = "<group>"; };
		904DD80F20D9B4EC0005569D /* CollectionViewCell.swift */ = {isa = PBXFileReference; lastKnownFileType = sourcecode.swift; path = CollectionViewCell.swift; sourceTree = "<group>"; };
		904DD81120DA7A2A0005569D /* WeatherDataFormatter.swift */ = {isa = PBXFileReference; lastKnownFileType = sourcecode.swift; path = WeatherDataFormatter.swift; sourceTree = "<group>"; };
		904DD81320DA8B7F0005569D /* WeatherIcon.swift */ = {isa = PBXFileReference; lastKnownFileType = sourcecode.swift; path = WeatherIcon.swift; sourceTree = "<group>"; };
		904DD81520DA8CB10005569D /* WeatherIconProvider.swift */ = {isa = PBXFileReference; lastKnownFileType = sourcecode.swift; path = WeatherIconProvider.swift; sourceTree = "<group>"; };
		9067CCD720D906AC00F91566 /* LocationManager.swift */ = {isa = PBXFileReference; lastKnownFileType = sourcecode.swift; path = LocationManager.swift; sourceTree = "<group>"; };
		9510AF96B541B5124A98952E /* Pods_WeatherApp.framework */ = {isa = PBXFileReference; explicitFileType = wrapper.framework; includeInIndex = 0; path = Pods_WeatherApp.framework; sourceTree = BUILT_PRODUCTS_DIR; };
		D2F216E2A59689391B16E102 /* Pods-WeatherApp.release.xcconfig */ = {isa = PBXFileReference; includeInIndex = 1; lastKnownFileType = text.xcconfig; name = "Pods-WeatherApp.release.xcconfig"; path = "Pods/Target Support Files/Pods-WeatherApp/Pods-WeatherApp.release.xcconfig"; sourceTree = "<group>"; };
		D3025E5C6E02216ECFEB0508 /* Pods-WeatherApp.debug.xcconfig */ = {isa = PBXFileReference; includeInIndex = 1; lastKnownFileType = text.xcconfig; name = "Pods-WeatherApp.debug.xcconfig"; path = "Pods/Target Support Files/Pods-WeatherApp/Pods-WeatherApp.debug.xcconfig"; sourceTree = "<group>"; };
/* End PBXFileReference section */

/* Begin PBXFrameworksBuildPhase section */
		9041F7E620D8F3B200D9A813 /* Frameworks */ = {
			isa = PBXFrameworksBuildPhase;
			buildActionMask = 2147483647;
			files = (
				E4E20E97AB61A45849121EC5 /* Pods_WeatherApp.framework in Frameworks */,
			);
			runOnlyForDeploymentPostprocessing = 0;
		};
/* End PBXFrameworksBuildPhase section */

/* Begin PBXGroup section */
		13B15982B8B84A4150B024BE /* Frameworks */ = {
			isa = PBXGroup;
			children = (
				9510AF96B541B5124A98952E /* Pods_WeatherApp.framework */,
			);
			name = Frameworks;
			sourceTree = "<group>";
		};
		9041F7E020D8F3B200D9A813 = {
			isa = PBXGroup;
			children = (
				9041F7EB20D8F3B200D9A813 /* WeatherApp */,
				9041F7EA20D8F3B200D9A813 /* Products */,
				FE8EF7A5DC508CF9ED02BCB6 /* Pods */,
				13B15982B8B84A4150B024BE /* Frameworks */,
			);
			sourceTree = "<group>";
		};
		9041F7EA20D8F3B200D9A813 /* Products */ = {
			isa = PBXGroup;
			children = (
				9041F7E920D8F3B200D9A813 /* WeatherApp.app */,
			);
			name = Products;
			sourceTree = "<group>";
		};
		9041F7EB20D8F3B200D9A813 /* WeatherApp */ = {
			isa = PBXGroup;
			children = (
				9041F7EC20D8F3B200D9A813 /* AppDelegate.swift */,
				9041F7F820D8F3B800D9A813 /* Info.plist */,
				904DD80020D97E060005569D /* Assets */,
				9041F7FE20D8F96F00D9A813 /* Models */,
				9041F7FF20D8F98300D9A813 /* ViewModels */,
				9041F80020D8F98D00D9A813 /* Views */,
				904DD80220D97EA00005569D /* Extensions */,
			);
			path = WeatherApp;
			sourceTree = "<group>";
		};
		9041F7FE20D8F96F00D9A813 /* Models */ = {
			isa = PBXGroup;
			children = (
				9067CCD720D906AC00F91566 /* LocationManager.swift */,
				904DD7F420D956010005569D /* Database.swift */,
				904DD7F220D94FC80005569D /* WeatherData.swift */,
				904DD7F020D947160005569D /* WeatherWebService.swift */,
				904DD7FA20D961460005569D /* WeatherDataProvider.swift */,
				904DD81120DA7A2A0005569D /* WeatherDataFormatter.swift */,
				904DD81320DA8B7F0005569D /* WeatherIcon.swift */,
				904DD81520DA8CB10005569D /* WeatherIconProvider.swift */,
				900D141B20DAC73300469ACD /* WeatherMapType.swift */,
			);
			path = Models;
			sourceTree = "<group>";
		};
		9041F7FF20D8F98300D9A813 /* ViewModels */ = {
			isa = PBXGroup;
			children = (
				904DD80B20D9949B0005569D /* WeatherVM.swift */,
				900D141720DAAF9000469ACD /* MapVM.swift */,
			);
			path = ViewModels;
			sourceTree = "<group>";
		};
		9041F80020D8F98D00D9A813 /* Views */ = {
			isa = PBXGroup;
			children = (
				9041F7EE20D8F3B200D9A813 /* WeatherVC.swift */,
				900D141320DAA6F800469ACD /* MapVC.swift */,
				9041F7F520D8F3B800D9A813 /* LaunchScreen.storyboard */,
				9041F7F020D8F3B200D9A813 /* Main.storyboard */,
				904DD80920D98E720005569D /* GradientView.swift */,
				904DD80F20D9B4EC0005569D /* CollectionViewCell.swift */,
			);
			path = Views;
			sourceTree = "<group>";
		};
		904DD80020D97E060005569D /* Assets */ = {
			isa = PBXGroup;
			children = (
				9041F7F320D8F3B800D9A813 /* Assets.xcassets */,
			);
			path = Assets;
			sourceTree = "<group>";
		};
		904DD80220D97EA00005569D /* Extensions */ = {
			isa = PBXGroup;
			children = (
				904DD80320D97EBC0005569D /* UIView+Gradient.swift */,
			);
			path = Extensions;
			sourceTree = "<group>";
		};
		FE8EF7A5DC508CF9ED02BCB6 /* Pods */ = {
			isa = PBXGroup;
			children = (
				D3025E5C6E02216ECFEB0508 /* Pods-WeatherApp.debug.xcconfig */,
				D2F216E2A59689391B16E102 /* Pods-WeatherApp.release.xcconfig */,
			);
			name = Pods;
			sourceTree = "<group>";
		};
/* End PBXGroup section */

/* Begin PBXNativeTarget section */
		9041F7E820D8F3B200D9A813 /* WeatherApp */ = {
			isa = PBXNativeTarget;
			buildConfigurationList = 9041F7FB20D8F3B900D9A813 /* Build configuration list for PBXNativeTarget "WeatherApp" */;
			buildPhases = (
				CCA8C35EA9BB6A84FB148016 /* [CP] Check Pods Manifest.lock */,
				9041F7E520D8F3B200D9A813 /* Sources */,
				9041F7E620D8F3B200D9A813 /* Frameworks */,
				9041F7E720D8F3B200D9A813 /* Resources */,
				7A5B29F73CCC5D004039EE21 /* [CP] Embed Pods Frameworks */,
				55DDF2C9F53C1826024D1E4C /* [CP] Copy Pods Resources */,
			);
			buildRules = (
			);
			dependencies = (
			);
			name = WeatherApp;
			productName = WeatherApp;
			productReference = 9041F7E920D8F3B200D9A813 /* WeatherApp.app */;
			productType = "com.apple.product-type.application";
		};
/* End PBXNativeTarget section */

/* Begin PBXProject section */
		9041F7E120D8F3B200D9A813 /* Project object */ = {
			isa = PBXProject;
			attributes = {
				LastSwiftUpdateCheck = 0940;
				LastUpgradeCheck = 0940;
				ORGANIZATIONNAME = "Roman Siro";
				TargetAttributes = {
					9041F7E820D8F3B200D9A813 = {
						CreatedOnToolsVersion = 9.4.1;
					};
				};
			};
			buildConfigurationList = 9041F7E420D8F3B200D9A813 /* Build configuration list for PBXProject "WeatherApp" */;
			compatibilityVersion = "Xcode 9.3";
			developmentRegion = en;
			hasScannedForEncodings = 0;
			knownRegions = (
				en,
				Base,
			);
			mainGroup = 9041F7E020D8F3B200D9A813;
			productRefGroup = 9041F7EA20D8F3B200D9A813 /* Products */;
			projectDirPath = "";
			projectRoot = "";
			targets = (
				9041F7E820D8F3B200D9A813 /* WeatherApp */,
			);
		};
/* End PBXProject section */

/* Begin PBXResourcesBuildPhase section */
		9041F7E720D8F3B200D9A813 /* Resources */ = {
			isa = PBXResourcesBuildPhase;
			buildActionMask = 2147483647;
			files = (
				9041F7F720D8F3B800D9A813 /* LaunchScreen.storyboard in Resources */,
				9041F7F420D8F3B800D9A813 /* Assets.xcassets in Resources */,
				9041F7F220D8F3B200D9A813 /* Main.storyboard in Resources */,
			);
			runOnlyForDeploymentPostprocessing = 0;
		};
/* End PBXResourcesBuildPhase section */

/* Begin PBXShellScriptBuildPhase section */
		55DDF2C9F53C1826024D1E4C /* [CP] Copy Pods Resources */ = {
			isa = PBXShellScriptBuildPhase;
			buildActionMask = 2147483647;
			files = (
			);
			inputPaths = (
			);
			name = "[CP] Copy Pods Resources";
			outputPaths = (
			);
			runOnlyForDeploymentPostprocessing = 0;
			shellPath = /bin/sh;
			shellScript = "\"${SRCROOT}/Pods/Target Support Files/Pods-WeatherApp/Pods-WeatherApp-resources.sh\"\n";
			showEnvVarsInLog = 0;
		};
		7A5B29F73CCC5D004039EE21 /* [CP] Embed Pods Frameworks */ = {
			isa = PBXShellScriptBuildPhase;
			buildActionMask = 2147483647;
			files = (
			);
			inputPaths = (
				"${SRCROOT}/Pods/Target Support Files/Pods-WeatherApp/Pods-WeatherApp-frameworks.sh",
				"${BUILT_PRODUCTS_DIR}/Alamofire/Alamofire.framework",
				"${PODS_ROOT}/Mapbox-iOS-SDK/dynamic/Mapbox.framework",
				"${PODS_ROOT}/Mapbox-iOS-SDK/dynamic/Mapbox.framework.dSYM",
				"${BUILT_PRODUCTS_DIR}/Realm/Realm.framework",
				"${BUILT_PRODUCTS_DIR}/RealmSwift/RealmSwift.framework",
				"${BUILT_PRODUCTS_DIR}/Unbox/Unbox.framework",
			);
			name = "[CP] Embed Pods Frameworks";
			outputPaths = (
				"${TARGET_BUILD_DIR}/${FRAMEWORKS_FOLDER_PATH}/Alamofire.framework",
				"${TARGET_BUILD_DIR}/${FRAMEWORKS_FOLDER_PATH}/Mapbox.framework",
				"${DWARF_DSYM_FOLDER_PATH}/Mapbox.framework.dSYM",
				"${TARGET_BUILD_DIR}/${FRAMEWORKS_FOLDER_PATH}/Realm.framework",
				"${TARGET_BUILD_DIR}/${FRAMEWORKS_FOLDER_PATH}/RealmSwift.framework",
				"${TARGET_BUILD_DIR}/${FRAMEWORKS_FOLDER_PATH}/Unbox.framework",
			);
			runOnlyForDeploymentPostprocessing = 0;
			shellPath = /bin/sh;
			shellScript = "\"${SRCROOT}/Pods/Target Support Files/Pods-WeatherApp/Pods-WeatherApp-frameworks.sh\"\n";
			showEnvVarsInLog = 0;
		};
		CCA8C35EA9BB6A84FB148016 /* [CP] Check Pods Manifest.lock */ = {
			isa = PBXShellScriptBuildPhase;
			buildActionMask = 2147483647;
			files = (
			);
			inputPaths = (
				"${PODS_PODFILE_DIR_PATH}/Podfile.lock",
				"${PODS_ROOT}/Manifest.lock",
			);
			name = "[CP] Check Pods Manifest.lock";
			outputPaths = (
				"$(DERIVED_FILE_DIR)/Pods-WeatherApp-checkManifestLockResult.txt",
			);
			runOnlyForDeploymentPostprocessing = 0;
			shellPath = /bin/sh;
			shellScript = "diff \"${PODS_PODFILE_DIR_PATH}/Podfile.lock\" \"${PODS_ROOT}/Manifest.lock\" > /dev/null\nif [ $? != 0 ] ; then\n    # print error to STDERR\n    echo \"error: The sandbox is not in sync with the Podfile.lock. Run 'pod install' or update your CocoaPods installation.\" >&2\n    exit 1\nfi\n# This output is used by Xcode 'outputs' to avoid re-running this script phase.\necho \"SUCCESS\" > \"${SCRIPT_OUTPUT_FILE_0}\"\n";
			showEnvVarsInLog = 0;
		};
/* End PBXShellScriptBuildPhase section */

/* Begin PBXSourcesBuildPhase section */
		9041F7E520D8F3B200D9A813 /* Sources */ = {
			isa = PBXSourcesBuildPhase;
			buildActionMask = 2147483647;
			files = (
				904DD7F520D956010005569D /* Database.swift in Sources */,
				904DD81420DA8B800005569D /* WeatherIcon.swift in Sources */,
				904DD7F120D947160005569D /* WeatherWebService.swift in Sources */,
				904DD81020D9B4EC0005569D /* CollectionViewCell.swift in Sources */,
				904DD81620DA8CB10005569D /* WeatherIconProvider.swift in Sources */,
				904DD80A20D98E720005569D /* GradientView.swift in Sources */,
				9041F7EF20D8F3B200D9A813 /* WeatherVC.swift in Sources */,
				9067CCD820D906AC00F91566 /* LocationManager.swift in Sources */,
				900D141C20DAC73300469ACD /* WeatherMapType.swift in Sources */,
				9041F7ED20D8F3B200D9A813 /* AppDelegate.swift in Sources */,
				904DD80420D97EBC0005569D /* UIView+Gradient.swift in Sources */,
				904DD7F320D94FC80005569D /* WeatherData.swift in Sources */,
				900D141820DAAF9000469ACD /* MapVM.swift in Sources */,
				904DD7FB20D961460005569D /* WeatherDataProvider.swift in Sources */,
				904DD80C20D9949B0005569D /* WeatherVM.swift in Sources */,
				904DD81220DA7A2A0005569D /* WeatherDataFormatter.swift in Sources */,
				900D141420DAA6F800469ACD /* MapVC.swift in Sources */,
			);
			runOnlyForDeploymentPostprocessing = 0;
		};
/* End PBXSourcesBuildPhase section */

/* Begin PBXVariantGroup section */
		9041F7F020D8F3B200D9A813 /* Main.storyboard */ = {
			isa = PBXVariantGroup;
			children = (
				9041F7F120D8F3B200D9A813 /* Base */,
			);
			name = Main.storyboard;
			sourceTree = "<group>";
		};
		9041F7F520D8F3B800D9A813 /* LaunchScreen.storyboard */ = {
			isa = PBXVariantGroup;
			children = (
				9041F7F620D8F3B800D9A813 /* Base */,
			);
			name = LaunchScreen.storyboard;
			sourceTree = "<group>";
		};
/* End PBXVariantGroup section */

/* Begin XCBuildConfiguration section */
		9041F7F920D8F3B900D9A813 /* Debug */ = {
			isa = XCBuildConfiguration;
			buildSettings = {
				ALWAYS_SEARCH_USER_PATHS = NO;
				CLANG_ANALYZER_NONNULL = YES;
				CLANG_ANALYZER_NUMBER_OBJECT_CONVERSION = YES_AGGRESSIVE;
				CLANG_CXX_LANGUAGE_STANDARD = "gnu++14";
				CLANG_CXX_LIBRARY = "libc++";
				CLANG_ENABLE_MODULES = YES;
				CLANG_ENABLE_OBJC_ARC = YES;
				CLANG_ENABLE_OBJC_WEAK = YES;
				CLANG_WARN_BLOCK_CAPTURE_AUTORELEASING = YES;
				CLANG_WARN_BOOL_CONVERSION = YES;
				CLANG_WARN_COMMA = YES;
				CLANG_WARN_CONSTANT_CONVERSION = YES;
				CLANG_WARN_DEPRECATED_OBJC_IMPLEMENTATIONS = YES;
				CLANG_WARN_DIRECT_OBJC_ISA_USAGE = YES_ERROR;
				CLANG_WARN_DOCUMENTATION_COMMENTS = YES;
				CLANG_WARN_EMPTY_BODY = YES;
				CLANG_WARN_ENUM_CONVERSION = YES;
				CLANG_WARN_INFINITE_RECURSION = YES;
				CLANG_WARN_INT_CONVERSION = YES;
				CLANG_WARN_NON_LITERAL_NULL_CONVERSION = YES;
				CLANG_WARN_OBJC_IMPLICIT_RETAIN_SELF = YES;
				CLANG_WARN_OBJC_LITERAL_CONVERSION = YES;
				CLANG_WARN_OBJC_ROOT_CLASS = YES_ERROR;
				CLANG_WARN_RANGE_LOOP_ANALYSIS = YES;
				CLANG_WARN_STRICT_PROTOTYPES = YES;
				CLANG_WARN_SUSPICIOUS_MOVE = YES;
				CLANG_WARN_UNGUARDED_AVAILABILITY = YES_AGGRESSIVE;
				CLANG_WARN_UNREACHABLE_CODE = YES;
				CLANG_WARN__DUPLICATE_METHOD_MATCH = YES;
				CODE_SIGN_IDENTITY = "iPhone Developer";
				COPY_PHASE_STRIP = NO;
				DEBUG_INFORMATION_FORMAT = dwarf;
				ENABLE_STRICT_OBJC_MSGSEND = YES;
				ENABLE_TESTABILITY = YES;
				GCC_C_LANGUAGE_STANDARD = gnu11;
				GCC_DYNAMIC_NO_PIC = NO;
				GCC_NO_COMMON_BLOCKS = YES;
				GCC_OPTIMIZATION_LEVEL = 0;
				GCC_PREPROCESSOR_DEFINITIONS = (
					"DEBUG=1",
					"$(inherited)",
				);
				GCC_WARN_64_TO_32_BIT_CONVERSION = YES;
				GCC_WARN_ABOUT_RETURN_TYPE = YES_ERROR;
				GCC_WARN_UNDECLARED_SELECTOR = YES;
				GCC_WARN_UNINITIALIZED_AUTOS = YES_AGGRESSIVE;
				GCC_WARN_UNUSED_FUNCTION = YES;
				GCC_WARN_UNUSED_VARIABLE = YES;
				IPHONEOS_DEPLOYMENT_TARGET = 11.4;
				MTL_ENABLE_DEBUG_INFO = YES;
				ONLY_ACTIVE_ARCH = YES;
				SDKROOT = iphoneos;
				SWIFT_ACTIVE_COMPILATION_CONDITIONS = DEBUG;
				SWIFT_OPTIMIZATION_LEVEL = "-Onone";
			};
			name = Debug;
		};
		9041F7FA20D8F3B900D9A813 /* Release */ = {
			isa = XCBuildConfiguration;
			buildSettings = {
				ALWAYS_SEARCH_USER_PATHS = NO;
				CLANG_ANALYZER_NONNULL = YES;
				CLANG_ANALYZER_NUMBER_OBJECT_CONVERSION = YES_AGGRESSIVE;
				CLANG_CXX_LANGUAGE_STANDARD = "gnu++14";
				CLANG_CXX_LIBRARY = "libc++";
				CLANG_ENABLE_MODULES = YES;
				CLANG_ENABLE_OBJC_ARC = YES;
				CLANG_ENABLE_OBJC_WEAK = YES;
				CLANG_WARN_BLOCK_CAPTURE_AUTORELEASING = YES;
				CLANG_WARN_BOOL_CONVERSION = YES;
				CLANG_WARN_COMMA = YES;
				CLANG_WARN_CONSTANT_CONVERSION = YES;
				CLANG_WARN_DEPRECATED_OBJC_IMPLEMENTATIONS = YES;
				CLANG_WARN_DIRECT_OBJC_ISA_USAGE = YES_ERROR;
				CLANG_WARN_DOCUMENTATION_COMMENTS = YES;
				CLANG_WARN_EMPTY_BODY = YES;
				CLANG_WARN_ENUM_CONVERSION = YES;
				CLANG_WARN_INFINITE_RECURSION = YES;
				CLANG_WARN_INT_CONVERSION = YES;
				CLANG_WARN_NON_LITERAL_NULL_CONVERSION = YES;
				CLANG_WARN_OBJC_IMPLICIT_RETAIN_SELF = YES;
				CLANG_WARN_OBJC_LITERAL_CONVERSION = YES;
				CLANG_WARN_OBJC_ROOT_CLASS = YES_ERROR;
				CLANG_WARN_RANGE_LOOP_ANALYSIS = YES;
				CLANG_WARN_STRICT_PROTOTYPES = YES;
				CLANG_WARN_SUSPICIOUS_MOVE = YES;
				CLANG_WARN_UNGUARDED_AVAILABILITY = YES_AGGRESSIVE;
				CLANG_WARN_UNREACHABLE_CODE = YES;
				CLANG_WARN__DUPLICATE_METHOD_MATCH = YES;
				CODE_SIGN_IDENTITY = "iPhone Developer";
				COPY_PHASE_STRIP = NO;
				DEBUG_INFORMATION_FORMAT = "dwarf-with-dsym";
				ENABLE_NS_ASSERTIONS = NO;
				ENABLE_STRICT_OBJC_MSGSEND = YES;
				GCC_C_LANGUAGE_STANDARD = gnu11;
				GCC_NO_COMMON_BLOCKS = YES;
				GCC_WARN_64_TO_32_BIT_CONVERSION = YES;
				GCC_WARN_ABOUT_RETURN_TYPE = YES_ERROR;
				GCC_WARN_UNDECLARED_SELECTOR = YES;
				GCC_WARN_UNINITIALIZED_AUTOS = YES_AGGRESSIVE;
				GCC_WARN_UNUSED_FUNCTION = YES;
				GCC_WARN_UNUSED_VARIABLE = YES;
				IPHONEOS_DEPLOYMENT_TARGET = 11.4;
				MTL_ENABLE_DEBUG_INFO = NO;
				SDKROOT = iphoneos;
				SWIFT_COMPILATION_MODE = wholemodule;
				SWIFT_OPTIMIZATION_LEVEL = "-O";
				VALIDATE_PRODUCT = YES;
			};
			name = Release;
		};
		9041F7FC20D8F3B900D9A813 /* Debug */ = {
			isa = XCBuildConfiguration;
			baseConfigurationReference = D3025E5C6E02216ECFEB0508 /* Pods-WeatherApp.debug.xcconfig */;
			buildSettings = {
				ASSETCATALOG_COMPILER_APPICON_NAME = AppIcon;
				CODE_SIGN_STYLE = Automatic;
				DEVELOPMENT_TEAM = E49T3B4D93;
				INFOPLIST_FILE = WeatherApp/Info.plist;
				IPHONEOS_DEPLOYMENT_TARGET = 11.0;
				LD_RUNPATH_SEARCH_PATHS = (
					"$(inherited)",
					"@executable_path/Frameworks",
				);
				PRODUCT_BUNDLE_IDENTIFIER = siro.WeatherApp;
				PRODUCT_NAME = "$(TARGET_NAME)";
				SWIFT_VERSION = 4.0;
				TARGETED_DEVICE_FAMILY = "1,2";
			};
			name = Debug;
		};
		9041F7FD20D8F3B900D9A813 /* Release */ = {
			isa = XCBuildConfiguration;
			baseConfigurationReference = D2F216E2A59689391B16E102 /* Pods-WeatherApp.release.xcconfig */;
			buildSettings = {
				ASSETCATALOG_COMPILER_APPICON_NAME = AppIcon;
				CODE_SIGN_STYLE = Automatic;
				DEVELOPMENT_TEAM = E49T3B4D93;
				INFOPLIST_FILE = WeatherApp/Info.plist;
				IPHONEOS_DEPLOYMENT_TARGET = 11.0;
				LD_RUNPATH_SEARCH_PATHS = (
					"$(inherited)",
					"@executable_path/Frameworks",
				);
				PRODUCT_BUNDLE_IDENTIFIER = siro.WeatherApp;
				PRODUCT_NAME = "$(TARGET_NAME)";
				SWIFT_VERSION = 4.0;
				TARGETED_DEVICE_FAMILY = "1,2";
			};
			name = Release;
		};
/* End XCBuildConfiguration section */

/* Begin XCConfigurationList section */
		9041F7E420D8F3B200D9A813 /* Build configuration list for PBXProject "WeatherApp" */ = {
			isa = XCConfigurationList;
			buildConfigurations = (
				9041F7F920D8F3B900D9A813 /* Debug */,
				9041F7FA20D8F3B900D9A813 /* Release */,
			);
			defaultConfigurationIsVisible = 0;
			defaultConfigurationName = Release;
		};
		9041F7FB20D8F3B900D9A813 /* Build configuration list for PBXNativeTarget "WeatherApp" */ = {
			isa = XCConfigurationList;
			buildConfigurations = (
				9041F7FC20D8F3B900D9A813 /* Debug */,
				9041F7FD20D8F3B900D9A813 /* Release */,
			);
			defaultConfigurationIsVisible = 0;
			defaultConfigurationName = Release;
		};
/* End XCConfigurationList section */
	};
	rootObject = 9041F7E120D8F3B200D9A813 /* Project object */;
}
